
Microsoft Visual Studio Solution File, Format Version 12.00
# Visual Studio 14
VisualStudioVersion = 14.0.23107.0
MinimumVisualStudioVersion = 10.0.40219.1
Project("{FAE04EC0-301F-11D3-BF4B-00C04F79EFBC}") = "WhatsapMessagePOC", "WhatsapMessagePOC\WhatsapMessagePOC.csproj", "{BCC78C1C-204E-4355-BBF9-0C95224E2FFD}"
EndProject
Global
	GlobalSection(SolutionConfigurationPlatforms) = preSolution
		Debug|Any CPU = Debug|Any CPU
		Release|Any CPU = Release|Any CPU
	EndGlobalSection
	GlobalSection(ProjectConfigurationPlatforms) = postSolution
		{BCC78C1C-204E-4355-BBF9-0C95224E2FFD}.Debug|Any CPU.ActiveCfg = Debug|Any CPU
		{BCC78C1C-204E-4355-BBF9-0C95224E2FFD}.Debug|Any CPU.Build.0 = Debug|Any CPU
		{BCC78C1C-204E-4355-BBF9-0C95224E2FFD}.Release|Any CPU.ActiveCfg = Release|Any CPU
		{BCC78C1C-204E-4355-BBF9-0C95224E2FFD}.Release|Any CPU.Build.0 = Release|Any CPU
	EndGlobalSection
	GlobalSection(SolutionProperties) = preSolution
		HideSolutionNode = FALSE
	EndGlobalSection
EndGlobal
